PODS:
  - google-cast-sdk (2.10.0):
    - google-cast-sdk/Assets (= 2.10.0)
    - google-cast-sdk/Core (= 2.10.0)
  - google-cast-sdk/Assets (2.10.0):
    - google-cast-sdk/Core
  - google-cast-sdk/Core (2.10.0)
  - JWPlayer-SDK (2.5.0)

DEPENDENCIES:
  - google-cast-sdk (<= 2.10.0.4070)
  - JWPlayer-SDK (~> 2.0)

SPEC CHECKSUMS:
  google-cast-sdk: 1911d498a11a8fbb7a91ce0e0f50cf0d4fe6e3b6
  JWPlayer-SDK: be100c8f9350ef61f1fe06be926634faa7e7bc12

PODFILE CHECKSUM: 5d47d7f324a080b4a4f09d099d54e5678975481a

COCOAPODS: 1.0.1
