// !$*UTF8*$!
{
	archiveVersion = 1;
	classes = {
	};
	objectVersion = 46;
	objects = {

/* Begin PBXBuildFile section */
		381B5DB31D819C4100BF4D21 /* AppDelegate.swift in Sources */ = {isa = PBXBuildFile; fileRef = 381B5DB21D819C4100BF4D21 /* AppDelegate.swift */; };
		381B5DB51D819C4100BF4D21 /* ViewController.swift in Sources */ = {isa = PBXBuildFile; fileRef = 381B5DB41D819C4100BF4D21 /* ViewController.swift */; };
		381B5DB81D819C4100BF4D21 /* Main.storyboard in Resources */ = {isa = PBXBuildFile; fileRef = 381B5DB61D819C4100BF4D21 /* Main.storyboard */; };
		381B5DBA1D819C4100BF4D21 /* Assets.xcassets in Resources */ = {isa = PBXBuildFile; fileRef = 381B5DB91D819C4100BF4D21 /* Assets.xcassets */; };
		381B5DBD1D819C4100BF4D21 /* LaunchScreen.storyboard in Resources */ = {isa = PBXBuildFile; fileRef = 381B5DBB1D819C4100BF4D21 /* LaunchScreen.storyboard */; };
		381B5DC51D819CD700BF4D21 /* JWPlayerVRSDK.framework in Frameworks */ = {isa = PBXBuildFile; fileRef = 381B5DC41D819CD700BF4D21 /* JWPlayerVRSDK.framework */; };
		381B5DC61D819CD700BF4D21 /* JWPlayerVRSDK.framework in Embed Frameworks */ = {isa = PBXBuildFile; fileRef = 381B5DC41D819CD700BF4D21 /* JWPlayerVRSDK.framework */; settings = {ATTRIBUTES = (CodeSignOnCopy, RemoveHeadersOnCopy, ); }; };
		381B5DC91D819D0600BF4D21 /* CardboardSDK.bundle in Resources */ = {isa = PBXBuildFile; fileRef = 381B5DC81D819D0600BF4D21 /* CardboardSDK.bundle */; };
/* End PBXBuildFile section */

/* Begin PBXCopyFilesBuildPhase section */
		381B5DC71D819CD700BF4D21 /* Embed Frameworks */ = {
			isa = PBXCopyFilesBuildPhase;
			buildActionMask = 2147483647;
			dstPath = "";
			dstSubfolderSpec = 10;
			files = (
				381B5DC61D819CD700BF4D21 /* JWPlayerVRSDK.framework in Embed Frameworks */,
			);
			name = "Embed Frameworks";
			runOnlyForDeploymentPostprocessing = 0;
		};
/* End PBXCopyFilesBuildPhase section */

/* Begin PBXFileReference section */
		381B5DAF1D819C4100BF4D21 /* JWPlayer-VR-Developer-Demo.app */ = {isa = PBXFileReference; explicitFileType = wrapper.application; includeInIndex = 0; path = "JWPlayer-VR-Developer-Demo.app"; sourceTree = BUILT_PRODUCTS_DIR; };
		381B5DB21D819C4100BF4D21 /* AppDelegate.swift */ = {isa = PBXFileReference; lastKnownFileType = sourcecode.swift; path = AppDelegate.swift; sourceTree = "<group>"; };
		381B5DB41D819C4100BF4D21 /* ViewController.swift */ = {isa = PBXFileReference; lastKnownFileType = sourcecode.swift; path = ViewController.swift; sourceTree = "<group>"; };
		381B5DB71D819C4100BF4D21 /* Base */ = {isa = PBXFileReference; lastKnownFileType = file.storyboard; name = Base; path = Base.lproj/Main.storyboard; sourceTree = "<group>"; };
		381B5DB91D819C4100BF4D21 /* Assets.xcassets */ = {isa = PBXFileReference; lastKnownFileType = folder.assetcatalog; path = Assets.xcassets; sourceTree = "<group>"; };
		381B5DBC1D819C4100BF4D21 /* Base */ = {isa = PBXFileReference; lastKnownFileType = file.storyboard; name = Base; path = Base.lproj/LaunchScreen.storyboard; sourceTree = "<group>"; };
		381B5DBE1D819C4100BF4D21 /* Info.plist */ = {isa = PBXFileReference; lastKnownFileType = text.plist.xml; path = Info.plist; sourceTree = "<group>"; };
		381B5DC41D819CD700BF4D21 /* JWPlayerVRSDK.framework */ = {isa = PBXFileReference; lastKnownFileType = wrapper.framework; path = JWPlayerVRSDK.framework; sourceTree = "<group>"; };
		381B5DC81D819D0600BF4D21 /* CardboardSDK.bundle */ = {isa = PBXFileReference; lastKnownFileType = "wrapper.plug-in"; path = CardboardSDK.bundle; sourceTree = "<group>"; };
/* End PBXFileReference section */

/* Begin PBXFrameworksBuildPhase section */
		381B5DAC1D819C4100BF4D21 /* Frameworks */ = {
			isa = PBXFrameworksBuildPhase;
			buildActionMask = 2147483647;
			files = (
				381B5DC51D819CD700BF4D21 /* JWPlayerVRSDK.framework in Frameworks */,
			);
			runOnlyForDeploymentPostprocessing = 0;
		};
/* End PBXFrameworksBuildPhase section */

/* Begin PBXGroup section */
		381B5DA61D819C4100BF4D21 = {
			isa = PBXGroup;
			children = (
				381B5DC81D819D0600BF4D21 /* CardboardSDK.bundle */,
				381B5DC41D819CD700BF4D21 /* JWPlayerVRSDK.framework */,
				381B5DB11D819C4100BF4D21 /* JWPlayer-VR-Developer-Demo */,
				381B5DB01D819C4100BF4D21 /* Products */,
			);
			sourceTree = "<group>";
		};
		381B5DB01D819C4100BF4D21 /* Products */ = {
			isa = PBXGroup;
			children = (
				381B5DAF1D819C4100BF4D21 /* JWPlayer-VR-Developer-Demo.app */,
			);
			name = Products;
			sourceTree = "<group>";
		};
		381B5DB11D819C4100BF4D21 /* JWPlayer-VR-Developer-Demo */ = {
			isa = PBXGroup;
			children = (
				381B5DB21D819C4100BF4D21 /* AppDelegate.swift */,
				381B5DB41D819C4100BF4D21 /* ViewController.swift */,
				381B5DB61D819C4100BF4D21 /* Main.storyboard */,
				381B5DB91D819C4100BF4D21 /* Assets.xcassets */,
				381B5DBB1D819C4100BF4D21 /* LaunchScreen.storyboard */,
				381B5DBE1D819C4100BF4D21 /* Info.plist */,
			);
			path = "JWPlayer-VR-Developer-Demo";
			sourceTree = "<group>";
		};
/* End PBXGroup section */

/* Begin PBXNativeTarget section */
		381B5DAE1D819C4100BF4D21 /* JWPlayer-VR-Developer-Demo */ = {
			isa = PBXNativeTarget;
			buildConfigurationList = 381B5DC11D819C4100BF4D21 /* Build configuration list for PBXNativeTarget "JWPlayer-VR-Developer-Demo" */;
			buildPhases = (
				381B5DAB1D819C4100BF4D21 /* Sources */,
				381B5DAC1D819C4100BF4D21 /* Frameworks */,
				381B5DAD1D819C4100BF4D21 /* Resources */,
				381B5DC71D819CD700BF4D21 /* Embed Frameworks */,
			);
			buildRules = (
			);
			dependencies = (
			);
			name = "JWPlayer-VR-Developer-Demo";
			productName = "JWPlayer-VR-Developer-Demo";
			productReference = 381B5DAF1D819C4100BF4D21 /* JWPlayer-VR-Developer-Demo.app */;
			productType = "com.apple.product-type.application";
		};
/* End PBXNativeTarget section */

/* Begin PBXProject section */
		381B5DA71D819C4100BF4D21 /* Project object */ = {
			isa = PBXProject;
			attributes = {
				LastSwiftUpdateCheck = 0730;
				LastUpgradeCheck = 0730;
				ORGANIZATIONNAME = "JW Player";
				TargetAttributes = {
					381B5DAE1D819C4100BF4D21 = {
						CreatedOnToolsVersion = 7.3.1;
					};
				};
			};
			buildConfigurationList = 381B5DAA1D819C4100BF4D21 /* Build configuration list for PBXProject "JWPlayer-VR-Developer-Demo" */;
			compatibilityVersion = "Xcode 3.2";
			developmentRegion = English;
			hasScannedForEncodings = 0;
			knownRegions = (
				en,
				Base,
			);
			mainGroup = 381B5DA61D819C4100BF4D21;
			productRefGroup = 381B5DB01D819C4100BF4D21 /* Products */;
			projectDirPath = "";
			projectRoot = "";
			targets = (
				381B5DAE1D819C4100BF4D21 /* JWPlayer-VR-Developer-Demo */,
			);
		};
/* End PBXProject section */

/* Begin PBXResourcesBuildPhase section */
		381B5DAD1D819C4100BF4D21 /* Resources */ = {
			isa = PBXResourcesBuildPhase;
			buildActionMask = 2147483647;
			files = (
				381B5DBD1D819C4100BF4D21 /* LaunchScreen.storyboard in Resources */,
				381B5DBA1D819C4100BF4D21 /* Assets.xcassets in Resources */,
				381B5DC91D819D0600BF4D21 /* CardboardSDK.bundle in Resources */,
				381B5DB81D819C4100BF4D21 /* Main.storyboard in Resources */,
			);
			runOnlyForDeploymentPostprocessing = 0;
		};
/* End PBXResourcesBuildPhase section */

/* Begin PBXSourcesBuildPhase section */
		381B5DAB1D819C4100BF4D21 /* Sources */ = {
			isa = PBXSourcesBuildPhase;
			buildActionMask = 2147483647;
			files = (
				381B5DB51D819C4100BF4D21 /* ViewController.swift in Sources */,
				381B5DB31D819C4100BF4D21 /* AppDelegate.swift in Sources */,
			);
			runOnlyForDeploymentPostprocessing = 0;
		};
/* End PBXSourcesBuildPhase section */

/* Begin PBXVariantGroup section */
		381B5DB61D819C4100BF4D21 /* Main.storyboard */ = {
			isa = PBXVariantGroup;
			children = (
				381B5DB71D819C4100BF4D21 /* Base */,
			);
			name = Main.storyboard;
			sourceTree = "<group>";
		};
		381B5DBB1D819C4100BF4D21 /* LaunchScreen.storyboard */ = {
			isa = PBXVariantGroup;
			children = (
				381B5DBC1D819C4100BF4D21 /* Base */,
			);
			name = LaunchScreen.storyboard;
			sourceTree = "<group>";
		};
/* End PBXVariantGroup section */

/* Begin XCBuildConfiguration section */
		381B5DBF1D819C4100BF4D21 /* Debug */ = {
			isa = XCBuildConfiguration;
			buildSettings = {
				ALWAYS_SEARCH_USER_PATHS = NO;
				CLANG_ANALYZER_NONNULL = YES;
				CLANG_CXX_LANGUAGE_STANDARD = "gnu++0x";
				CLANG_CXX_LIBRARY = "libc++";
				CLANG_ENABLE_MODULES = YES;
				CLANG_ENABLE_OBJC_ARC = YES;
				CLANG_WARN_BOOL_CONVERSION = YES;
				CLANG_WARN_CONSTANT_CONVERSION = YES;
				CLANG_WARN_DIRECT_OBJC_ISA_USAGE = YES_ERROR;
				CLANG_WARN_EMPTY_BODY = YES;
				CLANG_WARN_ENUM_CONVERSION = YES;
				CLANG_WARN_INT_CONVERSION = YES;
				CLANG_WARN_OBJC_ROOT_CLASS = YES_ERROR;
				CLANG_WARN_UNREACHABLE_CODE = YES;
				CLANG_WARN__DUPLICATE_METHOD_MATCH = YES;
				"CODE_SIGN_IDENTITY[sdk=iphoneos*]" = "iPhone Developer";
				COPY_PHASE_STRIP = NO;
				DEBUG_INFORMATION_FORMAT = dwarf;
				ENABLE_STRICT_OBJC_MSGSEND = YES;
				ENABLE_TESTABILITY = YES;
				GCC_C_LANGUAGE_STANDARD = gnu99;
				GCC_DYNAMIC_NO_PIC = NO;
				GCC_NO_COMMON_BLOCKS = YES;
				GCC_OPTIMIZATION_LEVEL = 0;
				GCC_PREPROCESSOR_DEFINITIONS = (
					"DEBUG=1",
					"$(inherited)",
				);
				GCC_WARN_64_TO_32_BIT_CONVERSION = YES;
				GCC_WARN_ABOUT_RETURN_TYPE = YES_ERROR;
				GCC_WARN_UNDECLARED_SELECTOR = YES;
				GCC_WARN_UNINITIALIZED_AUTOS = YES_AGGRESSIVE;
				GCC_WARN_UNUSED_FUNCTION = YES;
				GCC_WARN_UNUSED_VARIABLE = YES;
				IPHONEOS_DEPLOYMENT_TARGET = 9.3;
				MTL_ENABLE_DEBUG_INFO = YES;
				ONLY_ACTIVE_ARCH = YES;
				SDKROOT = iphoneos;
				SWIFT_OPTIMIZATION_LEVEL = "-Onone";
				TARGETED_DEVICE_FAMILY = "1,2";
			};
			name = Debug;
		};
		381B5DC01D819C4100BF4D21 /* Release */ = {
			isa = XCBuildConfiguration;
			buildSettings = {
				ALWAYS_SEARCH_USER_PATHS = NO;
				CLANG_ANALYZER_NONNULL = YES;
				CLANG_CXX_LANGUAGE_STANDARD = "gnu++0x";
				CLANG_CXX_LIBRARY = "libc++";
				CLANG_ENABLE_MODULES = YES;
				CLANG_ENABLE_OBJC_ARC = YES;
				CLANG_WARN_BOOL_CONVERSION = YES;
				CLANG_WARN_CONSTANT_CONVERSION = YES;
				CLANG_WARN_DIRECT_OBJC_ISA_USAGE = YES_ERROR;
				CLANG_WARN_EMPTY_BODY = YES;
				CLANG_WARN_ENUM_CONVERSION = YES;
				CLANG_WARN_INT_CONVERSION = YES;
				CLANG_WARN_OBJC_ROOT_CLASS = YES_ERROR;
				CLANG_WARN_UNREACHABLE_CODE = YES;
				CLANG_WARN__DUPLICATE_METHOD_MATCH = YES;
				"CODE_SIGN_IDENTITY[sdk=iphoneos*]" = "iPhone Developer";
				COPY_PHASE_STRIP = NO;
				DEBUG_INFORMATION_FORMAT = "dwarf-with-dsym";
				ENABLE_NS_ASSERTIONS = NO;
				ENABLE_STRICT_OBJC_MSGSEND = YES;
				GCC_C_LANGUAGE_STANDARD = gnu99;
				GCC_NO_COMMON_BLOCKS = YES;
				GCC_WARN_64_TO_32_BIT_CONVERSION = YES;
				GCC_WARN_ABOUT_RETURN_TYPE = YES_ERROR;
				GCC_WARN_UNDECLARED_SELECTOR = YES;
				GCC_WARN_UNINITIALIZED_AUTOS = YES_AGGRESSIVE;
				GCC_WARN_UNUSED_FUNCTION = YES;
				GCC_WARN_UNUSED_VARIABLE = YES;
				IPHONEOS_DEPLOYMENT_TARGET = 9.3;
				MTL_ENABLE_DEBUG_INFO = NO;
				SDKROOT = iphoneos;
				TARGETED_DEVICE_FAMILY = "1,2";
				VALIDATE_PRODUCT = YES;
			};
			name = Release;
		};
		381B5DC21D819C4100BF4D21 /* Debug */ = {
			isa = XCBuildConfiguration;
			buildSettings = {
				ASSETCATALOG_COMPILER_APPICON_NAME = AppIcon;
				ENABLE_BITCODE = NO;
				FRAMEWORK_SEARCH_PATHS = (
					"$(inherited)",
					"$(PROJECT_DIR)",
				);
				INFOPLIST_FILE = "JWPlayer-VR-Developer-Demo/Info.plist";
				LD_RUNPATH_SEARCH_PATHS = "$(inherited) @executable_path/Frameworks";
				PRODUCT_BUNDLE_IDENTIFIER = "com.longtailvideo.jwplayer.JWPlayer-VR-Developer-Demo";
				PRODUCT_NAME = "$(TARGET_NAME)";
			};
			name = Debug;
		};
		381B5DC31D819C4100BF4D21 /* Release */ = {
			isa = XCBuildConfiguration;
			buildSettings = {
				ASSETCATALOG_COMPILER_APPICON_NAME = AppIcon;
				ENABLE_BITCODE = NO;
				FRAMEWORK_SEARCH_PATHS = (
					"$(inherited)",
					"$(PROJECT_DIR)",
				);
				INFOPLIST_FILE = "JWPlayer-VR-Developer-Demo/Info.plist";
				LD_RUNPATH_SEARCH_PATHS = "$(inherited) @executable_path/Frameworks";
				PRODUCT_BUNDLE_IDENTIFIER = "com.longtailvideo.jwplayer.JWPlayer-VR-Developer-Demo";
				PRODUCT_NAME = "$(TARGET_NAME)";
			};
			name = Release;
		};
/* End XCBuildConfiguration section */

/* Begin XCConfigurationList section */
		381B5DAA1D819C4100BF4D21 /* Build configuration list for PBXProject "JWPlayer-VR-Developer-Demo" */ = {
			isa = XCConfigurationList;
			buildConfigurations = (
				381B5DBF1D819C4100BF4D21 /* Debug */,
				381B5DC01D819C4100BF4D21 /* Release */,
			);
			defaultConfigurationIsVisible = 0;
			defaultConfigurationName = Release;
		};
		381B5DC11D819C4100BF4D21 /* Build configuration list for PBXNativeTarget "JWPlayer-VR-Developer-Demo" */ = {
			isa = XCConfigurationList;
			buildConfigurations = (
				381B5DC21D819C4100BF4D21 /* Debug */,
				381B5DC31D819C4100BF4D21 /* Release */,
			);
			defaultConfigurationIsVisible = 0;
		};
/* End XCConfigurationList section */
	};
	rootObject = 381B5DA71D819C4100BF4D21 /* Project object */;
}
